
Microsoft Visual Studio Solution File, Format Version 12.00
# Visual Studio 14
VisualStudioVersion = 14.0.24720.0
MinimumVisualStudioVersion = 10.0.40219.1
Project("{FAE04EC0-301F-11D3-BF4B-00C04F79EFBC}") = "VSPROEKT", "VSPROEKT\VSPROEKT.csproj", "{A8BA20AB-83FD-4F50-A6CA-8CFF0038EE69}"
EndProject
Project("{54435603-DBB4-11D2-8724-00A0C9A8B90C}") = "SetupRoulette", "SetupRoulette\SetupRoulette.vdproj", "{CA5479E9-1217-4DAE-86FA-B645DCC05BE8}"
EndProject
Global
	GlobalSection(SolutionConfigurationPlatforms) = preSolution
		Debug|Any CPU = Debug|Any CPU
		Release|Any CPU = Release|Any CPU
	EndGlobalSection
	GlobalSection(ProjectConfigurationPlatforms) = postSolution
		{A8BA20AB-83FD-4F50-A6CA-8CFF0038EE69}.Debug|Any CPU.ActiveCfg = Debug|Any CPU
		{A8BA20AB-83FD-4F50-A6CA-8CFF0038EE69}.Debug|Any CPU.Build.0 = Debug|Any CPU
		{A8BA20AB-83FD-4F50-A6CA-8CFF0038EE69}.Release|Any CPU.ActiveCfg = Release|Any CPU
		{A8BA20AB-83FD-4F50-A6CA-8CFF0038EE69}.Release|Any CPU.Build.0 = Release|Any CPU
		{CA5479E9-1217-4DAE-86FA-B645DCC05BE8}.Debug|Any CPU.ActiveCfg = Debug
		{CA5479E9-1217-4DAE-86FA-B645DCC05BE8}.Release|Any CPU.ActiveCfg = Release
	EndGlobalSection
	GlobalSection(SolutionProperties) = preSolution
		HideSolutionNode = FALSE
	EndGlobalSection
EndGlobal
